// !$*UTF8*$!
{
	archiveVersion = 1;
	classes = {
	};
	objectVersion = 46;
	objects = {

/* Begin PBXBuildFile section */
		27AE0746199AE19D00EA1EA7 /* Foundation.framework in Frameworks */ = {isa = PBXBuildFile; fileRef = 27AE0745199AE19D00EA1EA7 /* Foundation.framework */; };
		27AE0748199AE19D00EA1EA7 /* CoreGraphics.framework in Frameworks */ = {isa = PBXBuildFile; fileRef = 27AE0747199AE19D00EA1EA7 /* CoreGraphics.framework */; };
		27AE074A199AE19D00EA1EA7 /* UIKit.framework in Frameworks */ = {isa = PBXBuildFile; fileRef = 27AE0749199AE19D00EA1EA7 /* UIKit.framework */; };
		27AE0750199AE19D00EA1EA7 /* InfoPlist.strings in Resources */ = {isa = PBXBuildFile; fileRef = 27AE074E199AE19D00EA1EA7 /* InfoPlist.strings */; };
		27AE0752199AE19D00EA1EA7 /* main.m in Sources */ = {isa = PBXBuildFile; fileRef = 27AE0751199AE19D00EA1EA7 /* main.m */; };
		27AE0756199AE19D00EA1EA7 /* CalculatorAppDelegate.m in Sources */ = {isa = PBXBuildFile; fileRef = 27AE0755199AE19D00EA1EA7 /* CalculatorAppDelegate.m */; };
		27AE0759199AE19D00EA1EA7 /* Main_iPhone.storyboard in Resources */ = {isa = PBXBuildFile; fileRef = 27AE0757199AE19D00EA1EA7 /* Main_iPhone.storyboard */; };
		27AE075C199AE19D00EA1EA7 /* Main_iPad.storyboard in Resources */ = {isa = PBXBuildFile; fileRef = 27AE075A199AE19D00EA1EA7 /* Main_iPad.storyboard */; };
		27AE075F199AE19D00EA1EA7 /* CalculatorViewController.m in Sources */ = {isa = PBXBuildFile; fileRef = 27AE075E199AE19D00EA1EA7 /* CalculatorViewController.m */; };
		27AE0761199AE19D00EA1EA7 /* Images.xcassets in Resources */ = {isa = PBXBuildFile; fileRef = 27AE0760199AE19D00EA1EA7 /* Images.xcassets */; };
		27AE0768199AE19D00EA1EA7 /* XCTest.framework in Frameworks */ = {isa = PBXBuildFile; fileRef = 27AE0767199AE19D00EA1EA7 /* XCTest.framework */; };
		27AE0769199AE19D00EA1EA7 /* Foundation.framework in Frameworks */ = {isa = PBXBuildFile; fileRef = 27AE0745199AE19D00EA1EA7 /* Foundation.framework */; };
		27AE076A199AE19D00EA1EA7 /* UIKit.framework in Frameworks */ = {isa = PBXBuildFile; fileRef = 27AE0749199AE19D00EA1EA7 /* UIKit.framework */; };
		27AE0772199AE19D00EA1EA7 /* InfoPlist.strings in Resources */ = {isa = PBXBuildFile; fileRef = 27AE0770199AE19D00EA1EA7 /* InfoPlist.strings */; };
		27AE0774199AE19D00EA1EA7 /* RPNCalculatorTests.m in Sources */ = {isa = PBXBuildFile; fileRef = 27AE0773199AE19D00EA1EA7 /* RPNCalculatorTests.m */; };
/* End PBXBuildFile section */

/* Begin PBXContainerItemProxy section */
		27AE076B199AE19D00EA1EA7 /* PBXContainerItemProxy */ = {
			isa = PBXContainerItemProxy;
			containerPortal = 27AE073A199AE19D00EA1EA7 /* Project object */;
			proxyType = 1;
			remoteGlobalIDString = 27AE0741199AE19D00EA1EA7;
			remoteInfo = RPNCalculator;
		};
/* End PBXContainerItemProxy section */

/* Begin PBXFileReference section */
		27AE0742199AE19D00EA1EA7 /* RPNCalculator.app */ = {isa = PBXFileReference; explicitFileType = wrapper.application; includeInIndex = 0; path = RPNCalculator.app; sourceTree = BUILT_PRODUCTS_DIR; };
		27AE0745199AE19D00EA1EA7 /* Foundation.framework */ = {isa = PBXFileReference; lastKnownFileType = wrapper.framework; name = Foundation.framework; path = System/Library/Frameworks/Foundation.framework; sourceTree = SDKROOT; };
		27AE0747199AE19D00EA1EA7 /* CoreGraphics.framework */ = {isa = PBXFileReference; lastKnownFileType = wrapper.framework; name = CoreGraphics.framework; path = System/Library/Frameworks/CoreGraphics.framework; sourceTree = SDKROOT; };
		27AE0749199AE19D00EA1EA7 /* UIKit.framework */ = {isa = PBXFileReference; lastKnownFileType = wrapper.framework; name = UIKit.framework; path = System/Library/Frameworks/UIKit.framework; sourceTree = SDKROOT; };
		27AE074D199AE19D00EA1EA7 /* RPNCalculator-Info.plist */ = {isa = PBXFileReference; lastKnownFileType = text.plist.xml; path = "RPNCalculator-Info.plist"; sourceTree = "<group>"; };
		27AE074F199AE19D00EA1EA7 /* en */ = {isa = PBXFileReference; lastKnownFileType = text.plist.strings; name = en; path = en.lproj/InfoPlist.strings; sourceTree = "<group>"; };
		27AE0751199AE19D00EA1EA7 /* main.m */ = {isa = PBXFileReference; lastKnownFileType = sourcecode.c.objc; path = main.m; sourceTree = "<group>"; };
		27AE0753199AE19D00EA1EA7 /* RPNCalculator-Prefix.pch */ = {isa = PBXFileReference; lastKnownFileType = sourcecode.c.h; path = "RPNCalculator-Prefix.pch"; sourceTree = "<group>"; };
		27AE0754199AE19D00EA1EA7 /* CalculatorAppDelegate.h */ = {isa = PBXFileReference; lastKnownFileType = sourcecode.c.h; path = CalculatorAppDelegate.h; sourceTree = "<group>"; };
		27AE0755199AE19D00EA1EA7 /* CalculatorAppDelegate.m */ = {isa = PBXFileReference; lastKnownFileType = sourcecode.c.objc; path = CalculatorAppDelegate.m; sourceTree = "<group>"; };
		27AE0758199AE19D00EA1EA7 /* Base */ = {isa = PBXFileReference; lastKnownFileType = file.storyboard; name = Base; path = Base.lproj/Main_iPhone.storyboard; sourceTree = "<group>"; };
		27AE075B199AE19D00EA1EA7 /* Base */ = {isa = PBXFileReference; lastKnownFileType = file.storyboard; name = Base; path = Base.lproj/Main_iPad.storyboard; sourceTree = "<group>"; };
		27AE075D199AE19D00EA1EA7 /* CalculatorViewController.h */ = {isa = PBXFileReference; lastKnownFileType = sourcecode.c.h; path = CalculatorViewController.h; sourceTree = "<group>"; };
		27AE075E199AE19D00EA1EA7 /* CalculatorViewController.m */ = {isa = PBXFileReference; lastKnownFileType = sourcecode.c.objc; path = CalculatorViewController.m; sourceTree = "<group>"; };
		27AE0760199AE19D00EA1EA7 /* Images.xcassets */ = {isa = PBXFileReference; lastKnownFileType = folder.assetcatalog; path = Images.xcassets; sourceTree = "<group>"; };
		27AE0766199AE19D00EA1EA7 /* RPNCalculatorTests.xctest */ = {isa = PBXFileReference; explicitFileType = wrapper.cfbundle; includeInIndex = 0; path = RPNCalculatorTests.xctest; sourceTree = BUILT_PRODUCTS_DIR; };
		27AE0767199AE19D00EA1EA7 /* XCTest.framework */ = {isa = PBXFileReference; lastKnownFileType = wrapper.framework; name = XCTest.framework; path = Library/Frameworks/XCTest.framework; sourceTree = DEVELOPER_DIR; };
		27AE076F199AE19D00EA1EA7 /* RPNCalculatorTests-Info.plist */ = {isa = PBXFileReference; lastKnownFileType = text.plist.xml; path = "RPNCalculatorTests-Info.plist"; sourceTree = "<group>"; };
		27AE0771199AE19D00EA1EA7 /* en */ = {isa = PBXFileReference; lastKnownFileType = text.plist.strings; name = en; path = en.lproj/InfoPlist.strings; sourceTree = "<group>"; };
		27AE0773199AE19D00EA1EA7 /* RPNCalculatorTests.m */ = {isa = PBXFileReference; lastKnownFileType = sourcecode.c.objc; path = RPNCalculatorTests.m; sourceTree = "<group>"; };
/* End PBXFileReference section */

/* Begin PBXFrameworksBuildPhase section */
		27AE073F199AE19D00EA1EA7 /* Frameworks */ = {
			isa = PBXFrameworksBuildPhase;
			buildActionMask = 2147483647;
			files = (
				27AE0748199AE19D00EA1EA7 /* CoreGraphics.framework in Frameworks */,
				27AE074A199AE19D00EA1EA7 /* UIKit.framework in Frameworks */,
				27AE0746199AE19D00EA1EA7 /* Foundation.framework in Frameworks */,
			);
			runOnlyForDeploymentPostprocessing = 0;
		};
		27AE0763199AE19D00EA1EA7 /* Frameworks */ = {
			isa = PBXFrameworksBuildPhase;
			buildActionMask = 2147483647;
			files = (
				27AE0768199AE19D00EA1EA7 /* XCTest.framework in Frameworks */,
				27AE076A199AE19D00EA1EA7 /* UIKit.framework in Frameworks */,
				27AE0769199AE19D00EA1EA7 /* Foundation.framework in Frameworks */,
			);
			runOnlyForDeploymentPostprocessing = 0;
		};
/* End PBXFrameworksBuildPhase section */

/* Begin PBXGroup section */
		27AE0739199AE19D00EA1EA7 = {
			isa = PBXGroup;
			children = (
				27AE074B199AE19D00EA1EA7 /* RPNCalculator */,
				27AE076D199AE19D00EA1EA7 /* RPNCalculatorTests */,
				27AE0744199AE19D00EA1EA7 /* Frameworks */,
				27AE0743199AE19D00EA1EA7 /* Products */,
			);
			sourceTree = "<group>";
		};
		27AE0743199AE19D00EA1EA7 /* Products */ = {
			isa = PBXGroup;
			children = (
				27AE0742199AE19D00EA1EA7 /* RPNCalculator.app */,
				27AE0766199AE19D00EA1EA7 /* RPNCalculatorTests.xctest */,
			);
			name = Products;
			sourceTree = "<group>";
		};
		27AE0744199AE19D00EA1EA7 /* Frameworks */ = {
			isa = PBXGroup;
			children = (
				27AE0745199AE19D00EA1EA7 /* Foundation.framework */,
				27AE0747199AE19D00EA1EA7 /* CoreGraphics.framework */,
				27AE0749199AE19D00EA1EA7 /* UIKit.framework */,
				27AE0767199AE19D00EA1EA7 /* XCTest.framework */,
			);
			name = Frameworks;
			sourceTree = "<group>";
		};
		27AE074B199AE19D00EA1EA7 /* RPNCalculator */ = {
			isa = PBXGroup;
			children = (
				27AE0754199AE19D00EA1EA7 /* CalculatorAppDelegate.h */,
				27AE0755199AE19D00EA1EA7 /* CalculatorAppDelegate.m */,
				27AE0757199AE19D00EA1EA7 /* Main_iPhone.storyboard */,
				27AE075A199AE19D00EA1EA7 /* Main_iPad.storyboard */,
				27AE075D199AE19D00EA1EA7 /* CalculatorViewController.h */,
				27AE075E199AE19D00EA1EA7 /* CalculatorViewController.m */,
				27AE0760199AE19D00EA1EA7 /* Images.xcassets */,
				27AE074C199AE19D00EA1EA7 /* Supporting Files */,
			);
			path = RPNCalculator;
			sourceTree = "<group>";
		};
		27AE074C199AE19D00EA1EA7 /* Supporting Files */ = {
			isa = PBXGroup;
			children = (
				27AE074D199AE19D00EA1EA7 /* RPNCalculator-Info.plist */,
				27AE074E199AE19D00EA1EA7 /* InfoPlist.strings */,
				27AE0751199AE19D00EA1EA7 /* main.m */,
				27AE0753199AE19D00EA1EA7 /* RPNCalculator-Prefix.pch */,
			);
			name = "Supporting Files";
			sourceTree = "<group>";
		};
		27AE076D199AE19D00EA1EA7 /* RPNCalculatorTests */ = {
			isa = PBXGroup;
			children = (
				27AE0773199AE19D00EA1EA7 /* RPNCalculatorTests.m */,
				27AE076E199AE19D00EA1EA7 /* Supporting Files */,
			);
			path = RPNCalculatorTests;
			sourceTree = "<group>";
		};
		27AE076E199AE19D00EA1EA7 /* Supporting Files */ = {
			isa = PBXGroup;
			children = (
				27AE076F199AE19D00EA1EA7 /* RPNCalculatorTests-Info.plist */,
				27AE0770199AE19D00EA1EA7 /* InfoPlist.strings */,
			);
			name = "Supporting Files";
			sourceTree = "<group>";
		};
/* End PBXGroup section */

/* Begin PBXNativeTarget section */
		27AE0741199AE19D00EA1EA7 /* RPNCalculator */ = {
			isa = PBXNativeTarget;
			buildConfigurationList = 27AE0777199AE19D00EA1EA7 /* Build configuration list for PBXNativeTarget "RPNCalculator" */;
			buildPhases = (
				27AE073E199AE19D00EA1EA7 /* Sources */,
				27AE073F199AE19D00EA1EA7 /* Frameworks */,
				27AE0740199AE19D00EA1EA7 /* Resources */,
			);
			buildRules = (
			);
			dependencies = (
			);
			name = RPNCalculator;
			productName = RPNCalculator;
			productReference = 27AE0742199AE19D00EA1EA7 /* RPNCalculator.app */;
			productType = "com.apple.product-type.application";
		};
		27AE0765199AE19D00EA1EA7 /* RPNCalculatorTests */ = {
			isa = PBXNativeTarget;
			buildConfigurationList = 27AE077A199AE19D00EA1EA7 /* Build configuration list for PBXNativeTarget "RPNCalculatorTests" */;
			buildPhases = (
				27AE0762199AE19D00EA1EA7 /* Sources */,
				27AE0763199AE19D00EA1EA7 /* Frameworks */,
				27AE0764199AE19D00EA1EA7 /* Resources */,
			);
			buildRules = (
			);
			dependencies = (
				27AE076C199AE19D00EA1EA7 /* PBXTargetDependency */,
			);
			name = RPNCalculatorTests;
			productName = RPNCalculatorTests;
			productReference = 27AE0766199AE19D00EA1EA7 /* RPNCalculatorTests.xctest */;
			productType = "com.apple.product-type.bundle.unit-test";
		};
/* End PBXNativeTarget section */

/* Begin PBXProject section */
		27AE073A199AE19D00EA1EA7 /* Project object */ = {
			isa = PBXProject;
			attributes = {
				CLASSPREFIX = Calculator;
				LastUpgradeCheck = 0510;
				ORGANIZATIONNAME = "Mike Wang";
				TargetAttributes = {
					27AE0765199AE19D00EA1EA7 = {
						TestTargetID = 27AE0741199AE19D00EA1EA7;
					};
				};
			};
			buildConfigurationList = 27AE073D199AE19D00EA1EA7 /* Build configuration list for PBXProject "RPNCalculator" */;
			compatibilityVersion = "Xcode 3.2";
			developmentRegion = English;
			hasScannedForEncodings = 0;
			knownRegions = (
				en,
				Base,
			);
			mainGroup = 27AE0739199AE19D00EA1EA7;
			productRefGroup = 27AE0743199AE19D00EA1EA7 /* Products */;
			projectDirPath = "";
			projectRoot = "";
			targets = (
				27AE0741199AE19D00EA1EA7 /* RPNCalculator */,
				27AE0765199AE19D00EA1EA7 /* RPNCalculatorTests */,
			);
		};
/* End PBXProject section */

/* Begin PBXResourcesBuildPhase section */
		27AE0740199AE19D00EA1EA7 /* Resources */ = {
			isa = PBXResourcesBuildPhase;
			buildActionMask = 2147483647;
			files = (
				27AE075C199AE19D00EA1EA7 /* Main_iPad.storyboard in Resources */,
				27AE0761199AE19D00EA1EA7 /* Images.xcassets in Resources */,
				27AE0759199AE19D00EA1EA7 /* Main_iPhone.storyboard in Resources */,
				27AE0750199AE19D00EA1EA7 /* InfoPlist.strings in Resources */,
			);
			runOnlyForDeploymentPostprocessing = 0;
		};
		27AE0764199AE19D00EA1EA7 /* Resources */ = {
			isa = PBXResourcesBuildPhase;
			buildActionMask = 2147483647;
			files = (
				27AE0772199AE19D00EA1EA7 /* InfoPlist.strings in Resources */,
			);
			runOnlyForDeploymentPostprocessing = 0;
		};
/* End PBXResourcesBuildPhase section */

/* Begin PBXSourcesBuildPhase section */
		27AE073E199AE19D00EA1EA7 /* Sources */ = {
			isa = PBXSourcesBuildPhase;
			buildActionMask = 2147483647;
			files = (
				27AE0756199AE19D00EA1EA7 /* CalculatorAppDelegate.m in Sources */,
				27AE0752199AE19D00EA1EA7 /* main.m in Sources */,
				27AE075F199AE19D00EA1EA7 /* CalculatorViewController.m in Sources */,
			);
			runOnlyForDeploymentPostprocessing = 0;
		};
		27AE0762199AE19D00EA1EA7 /* Sources */ = {
			isa = PBXSourcesBuildPhase;
			buildActionMask = 2147483647;
			files = (
				27AE0774199AE19D00EA1EA7 /* RPNCalculatorTests.m in Sources */,
			);
			runOnlyForDeploymentPostprocessing = 0;
		};
/* End PBXSourcesBuildPhase section */

/* Begin PBXTargetDependency section */
		27AE076C199AE19D00EA1EA7 /* PBXTargetDependency */ = {
			isa = PBXTargetDependency;
			target = 27AE0741199AE19D00EA1EA7 /* RPNCalculator */;
			targetProxy = 27AE076B199AE19D00EA1EA7 /* PBXContainerItemProxy */;
		};
/* End PBXTargetDependency section */

/* Begin PBXVariantGroup section */
		27AE074E199AE19D00EA1EA7 /* InfoPlist.strings */ = {
			isa = PBXVariantGroup;
			children = (
				27AE074F199AE19D00EA1EA7 /* en */,
			);
			name = InfoPlist.strings;
			sourceTree = "<group>";
		};
		27AE0757199AE19D00EA1EA7 /* Main_iPhone.storyboard */ = {
			isa = PBXVariantGroup;
			children = (
				27AE0758199AE19D00EA1EA7 /* Base */,
			);
			name = Main_iPhone.storyboard;
			sourceTree = "<group>";
		};
		27AE075A199AE19D00EA1EA7 /* Main_iPad.storyboard */ = {
			isa = PBXVariantGroup;
			children = (
				27AE075B199AE19D00EA1EA7 /* Base */,
			);
			name = Main_iPad.storyboard;
			sourceTree = "<group>";
		};
		27AE0770199AE19D00EA1EA7 /* InfoPlist.strings */ = {
			isa = PBXVariantGroup;
			children = (
				27AE0771199AE19D00EA1EA7 /* en */,
			);
			name = InfoPlist.strings;
			sourceTree = "<group>";
		};
/* End PBXVariantGroup section */

/* Begin XCBuildConfiguration section */
		27AE0775199AE19D00EA1EA7 /* Debug */ = {
			isa = XCBuildConfiguration;
			buildSettings = {
				ALWAYS_SEARCH_USER_PATHS = NO;
				CLANG_CXX_LANGUAGE_STANDARD = "gnu++0x";
				CLANG_CXX_LIBRARY = "libc++";
				CLANG_ENABLE_MODULES = YES;
				CLANG_ENABLE_OBJC_ARC = YES;
				CLANG_WARN_BOOL_CONVERSION = YES;
				CLANG_WARN_CONSTANT_CONVERSION = YES;
				CLANG_WARN_DIRECT_OBJC_ISA_USAGE = YES_ERROR;
				CLANG_WARN_EMPTY_BODY = YES;
				CLANG_WARN_ENUM_CONVERSION = YES;
				CLANG_WARN_INT_CONVERSION = YES;
				CLANG_WARN_OBJC_ROOT_CLASS = YES_ERROR;
				CLANG_WARN__DUPLICATE_METHOD_MATCH = YES;
				"CODE_SIGN_IDENTITY[sdk=iphoneos*]" = "iPhone Developer";
				COPY_PHASE_STRIP = NO;
				GCC_C_LANGUAGE_STANDARD = gnu99;
				GCC_DYNAMIC_NO_PIC = NO;
				GCC_OPTIMIZATION_LEVEL = 0;
				GCC_PREPROCESSOR_DEFINITIONS = (
					"DEBUG=1",
					"$(inherited)",
				);
				GCC_SYMBOLS_PRIVATE_EXTERN = NO;
				GCC_WARN_64_TO_32_BIT_CONVERSION = YES;
				GCC_WARN_ABOUT_RETURN_TYPE = YES_ERROR;
				GCC_WARN_UNDECLARED_SELECTOR = YES;
				GCC_WARN_UNINITIALIZED_AUTOS = YES_AGGRESSIVE;
				GCC_WARN_UNUSED_FUNCTION = YES;
				GCC_WARN_UNUSED_VARIABLE = YES;
				IPHONEOS_DEPLOYMENT_TARGET = 7.1;
				ONLY_ACTIVE_ARCH = YES;
				SDKROOT = iphoneos;
				TARGETED_DEVICE_FAMILY = "1,2";
			};
			name = Debug;
		};
		27AE0776199AE19D00EA1EA7 /* Release */ = {
			isa = XCBuildConfiguration;
			buildSettings = {
				ALWAYS_SEARCH_USER_PATHS = NO;
				CLANG_CXX_LANGUAGE_STANDARD = "gnu++0x";
				CLANG_CXX_LIBRARY = "libc++";
				CLANG_ENABLE_MODULES = YES;
				CLANG_ENABLE_OBJC_ARC = YES;
				CLANG_WARN_BOOL_CONVERSION = YES;
				CLANG_WARN_CONSTANT_CONVERSION = YES;
				CLANG_WARN_DIRECT_OBJC_ISA_USAGE = YES_ERROR;
				CLANG_WARN_EMPTY_BODY = YES;
				CLANG_WARN_ENUM_CONVERSION = YES;
				CLANG_WARN_INT_CONVERSION = YES;
				CLANG_WARN_OBJC_ROOT_CLASS = YES_ERROR;
				CLANG_WARN__DUPLICATE_METHOD_MATCH = YES;
				"CODE_SIGN_IDENTITY[sdk=iphoneos*]" = "iPhone Developer";
				COPY_PHASE_STRIP = YES;
				ENABLE_NS_ASSERTIONS = NO;
				GCC_C_LANGUAGE_STANDARD = gnu99;
				GCC_WARN_64_TO_32_BIT_CONVERSION = YES;
				GCC_WARN_ABOUT_RETURN_TYPE = YES_ERROR;
				GCC_WARN_UNDECLARED_SELECTOR = YES;
				GCC_WARN_UNINITIALIZED_AUTOS = YES_AGGRESSIVE;
				GCC_WARN_UNUSED_FUNCTION = YES;
				GCC_WARN_UNUSED_VARIABLE = YES;
				IPHONEOS_DEPLOYMENT_TARGET = 7.1;
				SDKROOT = iphoneos;
				TARGETED_DEVICE_FAMILY = "1,2";
				VALIDATE_PRODUCT = YES;
			};
			name = Release;
		};
		27AE0778199AE19D00EA1EA7 /* Debug */ = {
			isa = XCBuildConfiguration;
			buildSettings = {
				ASSETCATALOG_COMPILER_APPICON_NAME = AppIcon;
				ASSETCATALOG_COMPILER_LAUNCHIMAGE_NAME = LaunchImage;
				GCC_PRECOMPILE_PREFIX_HEADER = YES;
				GCC_PREFIX_HEADER = "RPNCalculator/RPNCalculator-Prefix.pch";
				INFOPLIST_FILE = "RPNCalculator/RPNCalculator-Info.plist";
				PRODUCT_NAME = "$(TARGET_NAME)";
				WRAPPER_EXTENSION = app;
			};
			name = Debug;
		};
		27AE0779199AE19D00EA1EA7 /* Release */ = {
			isa = XCBuildConfiguration;
			buildSettings = {
				ASSETCATALOG_COMPILER_APPICON_NAME = AppIcon;
				ASSETCATALOG_COMPILER_LAUNCHIMAGE_NAME = LaunchImage;
				GCC_PRECOMPILE_PREFIX_HEADER = YES;
				GCC_PREFIX_HEADER = "RPNCalculator/RPNCalculator-Prefix.pch";
				INFOPLIST_FILE = "RPNCalculator/RPNCalculator-Info.plist";
				PRODUCT_NAME = "$(TARGET_NAME)";
				WRAPPER_EXTENSION = app;
			};
			name = Release;
		};
		27AE077B199AE19D00EA1EA7 /* Debug */ = {
			isa = XCBuildConfiguration;
			buildSettings = {
				BUNDLE_LOADER = "$(BUILT_PRODUCTS_DIR)/RPNCalculator.app/RPNCalculator";
				FRAMEWORK_SEARCH_PATHS = (
					"$(SDKROOT)/Developer/Library/Frameworks",
					"$(inherited)",
					"$(DEVELOPER_FRAMEWORKS_DIR)",
				);
				GCC_PRECOMPILE_PREFIX_HEADER = YES;
				GCC_PREFIX_HEADER = "RPNCalculator/RPNCalculator-Prefix.pch";
				GCC_PREPROCESSOR_DEFINITIONS = (
					"DEBUG=1",
					"$(inherited)",
				);
				INFOPLIST_FILE = "RPNCalculatorTests/RPNCalculatorTests-Info.plist";
				PRODUCT_NAME = "$(TARGET_NAME)";
				TEST_HOST = "$(BUNDLE_LOADER)";
				WRAPPER_EXTENSION = xctest;
			};
			name = Debug;
		};
		27AE077C199AE19D00EA1EA7 /* Release */ = {
			isa = XCBuildConfiguration;
			buildSettings = {
				BUNDLE_LOADER = "$(BUILT_PRODUCTS_DIR)/RPNCalculator.app/RPNCalculator";
				FRAMEWORK_SEARCH_PATHS = (
					"$(SDKROOT)/Developer/Library/Frameworks",
					"$(inherited)",
					"$(DEVELOPER_FRAMEWORKS_DIR)",
				);
				GCC_PRECOMPILE_PREFIX_HEADER = YES;
				GCC_PREFIX_HEADER = "RPNCalculator/RPNCalculator-Prefix.pch";
				INFOPLIST_FILE = "RPNCalculatorTests/RPNCalculatorTests-Info.plist";
				PRODUCT_NAME = "$(TARGET_NAME)";
				TEST_HOST = "$(BUNDLE_LOADER)";
				WRAPPER_EXTENSION = xctest;
			};
			name = Release;
		};
/* End XCBuildConfiguration section */

/* Begin XCConfigurationList section */
		27AE073D199AE19D00EA1EA7 /* Build configuration list for PBXProject "RPNCalculator" */ = {
			isa = XCConfigurationList;
			buildConfigurations = (
				27AE0775199AE19D00EA1EA7 /* Debug */,
				27AE0776199AE19D00EA1EA7 /* Release */,
			);
			defaultConfigurationIsVisible = 0;
			defaultConfigurationName = Release;
		};
		27AE0777199AE19D00EA1EA7 /* Build configuration list for PBXNativeTarget "RPNCalculator" */ = {
			isa = XCConfigurationList;
			buildConfigurations = (
				27AE0778199AE19D00EA1EA7 /* Debug */,
				27AE0779199AE19D00EA1EA7 /* Release */,
			);
			defaultConfigurationIsVisible = 0;
		};
		27AE077A199AE19D00EA1EA7 /* Build configuration list for PBXNativeTarget "RPNCalculatorTests" */ = {
			isa = XCConfigurationList;
			buildConfigurations = (
				27AE077B199AE19D00EA1EA7 /* Debug */,
				27AE077C199AE19D00EA1EA7 /* Release */,
			);
			defaultConfigurationIsVisible = 0;
		};
/* End XCConfigurationList section */
	};
	rootObject = 27AE073A199AE19D00EA1EA7 /* Project object */;
}
